
Microsoft Visual Studio Solution File, Format Version 12.00
# Visual Studio Version 17
VisualStudioVersion = 17.7.34024.191
MinimumVisualStudioVersion = 10.0.40219.1
Project("{FAE04EC0-301F-11D3-BF4B-00C04F79EFBC}") = "HarmonixHub", "HarmonixHub\HarmonixHub.csproj", "{4551F9E2-A78B-451E-A7E2-6643F526C26B}"
EndProject
Global
	GlobalSection(SolutionConfigurationPlatforms) = preSolution
		Debug|Any CPU = Debug|Any CPU
		Release|Any CPU = Release|Any CPU
	EndGlobalSection
	GlobalSection(ProjectConfigurationPlatforms) = postSolution
		{4551F9E2-A78B-451E-A7E2-6643F526C26B}.Debug|Any CPU.ActiveCfg = Debug|Any CPU
		{4551F9E2-A78B-451E-A7E2-6643F526C26B}.Debug|Any CPU.Build.0 = Debug|Any CPU
		{4551F9E2-A78B-451E-A7E2-6643F526C26B}.Release|Any CPU.ActiveCfg = Release|Any CPU
		{4551F9E2-A78B-451E-A7E2-6643F526C26B}.Release|Any CPU.Build.0 = Release|Any CPU
	EndGlobalSection
	GlobalSection(SolutionProperties) = preSolution
		HideSolutionNode = FALSE
	EndGlobalSection
	GlobalSection(ExtensibilityGlobals) = postSolution
		SolutionGuid = {633B1163-544F-4A16-B0CB-0155FAA61237}
	EndGlobalSection
EndGlobal
